// !$*UTF8*$!
{
	archiveVersion = 1;
	classes = {
	};
	objectVersion = 77;
	objects = {

/* Begin PBXBuildFile section */
		DB6F25802F8809B4005856A0 /* Pocket Keyboard.appex in Embed Foundation Extensions */ = {isa = PBXBuildFile; fileRef = DB6F25792F8809B4005856A0 /* Pocket Keyboard.appex */; settings = {ATTRIBUTES = (RemoveHeadersOnCopy, ); }; };
		DBF1F7C32F88D0F8002AEF3A /* WidgetKit.framework in Frameworks */ = {isa = PBXBuildFile; fileRef = DBF1F7C22F88D0F8002AEF3A /* WidgetKit.framework */; };
		DBF1F7C52F88D0F8002AEF3A /* SwiftUI.framework in Frameworks */ = {isa = PBXBuildFile; fileRef = DBF1F7C42F88D0F8002AEF3A /* SwiftUI.framework */; };
		DBF1F7D62F88D0F9002AEF3A /* Pocket Live ActivityExtension.appex in Embed Foundation Extensions */ = {isa = PBXBuildFile; fileRef = DBF1F7C02F88D0F8002AEF3A /* Pocket Live ActivityExtension.appex */; settings = {ATTRIBUTES = (RemoveHeadersOnCopy, ); }; };
/* End PBXBuildFile section */

/* Begin PBXContainerItemProxy section */
		DB6F257E2F8809B4005856A0 /* PBXContainerItemProxy */ = {
			isa = PBXContainerItemProxy;
			containerPortal = DB6F255D2F880978005856A0 /* Project object */;
			proxyType = 1;
			remoteGlobalIDString = DB6F25782F8809B4005856A0;
			remoteInfo = "Pocket Keyboard";
		};
		DBF1F7D42F88D0F9002AEF3A /* PBXContainerItemProxy */ = {
			isa = PBXContainerItemProxy;
			containerPortal = DB6F255D2F880978005856A0 /* Project object */;
			proxyType = 1;
			remoteGlobalIDString = DBF1F7BF2F88D0F8002AEF3A;
			remoteInfo = "Pocket Live ActivityExtension";
		};
/* End PBXContainerItemProxy section */

/* Begin PBXCopyFilesBuildPhase section */
		DB6F25852F8809B4005856A0 /* Embed Foundation Extensions */ = {
			isa = PBXCopyFilesBuildPhase;
			buildActionMask = 2147483647;
			dstPath = "";
			dstSubfolderSpec = 13;
			files = (
				DB6F25802F8809B4005856A0 /* Pocket Keyboard.appex in Embed Foundation Extensions */,
				DBF1F7D62F88D0F9002AEF3A /* Pocket Live ActivityExtension.appex in Embed Foundation Extensions */,
			);
			name = "Embed Foundation Extensions";
			runOnlyForDeploymentPostprocessing = 0;
		};
/* End PBXCopyFilesBuildPhase section */

/* Begin PBXFileReference section */
		DB6F25652F880978005856A0 /* Pocket Demo.app */ = {isa = PBXFileReference; explicitFileType = wrapper.application; includeInIndex = 0; path = "Pocket Demo.app"; sourceTree = BUILT_PRODUCTS_DIR; };
		DB6F25792F8809B4005856A0 /* Pocket Keyboard.appex */ = {isa = PBXFileReference; explicitFileType = "wrapper.app-extension"; includeInIndex = 0; path = "Pocket Keyboard.appex"; sourceTree = BUILT_PRODUCTS_DIR; };
		DBF1F7C02F88D0F8002AEF3A /* Pocket Live ActivityExtension.appex */ = {isa = PBXFileReference; explicitFileType = "wrapper.app-extension"; includeInIndex = 0; path = "Pocket Live ActivityExtension.appex"; sourceTree = BUILT_PRODUCTS_DIR; };
		DBF1F7C22F88D0F8002AEF3A /* WidgetKit.framework */ = {isa = PBXFileReference; lastKnownFileType = wrapper.framework; name = WidgetKit.framework; path = System/Library/Frameworks/WidgetKit.framework; sourceTree = SDKROOT; };
		DBF1F7C42F88D0F8002AEF3A /* SwiftUI.framework */ = {isa = PBXFileReference; lastKnownFileType = wrapper.framework; name = SwiftUI.framework; path = System/Library/Frameworks/SwiftUI.framework; sourceTree = SDKROOT; };
/* End PBXFileReference section */

/* Begin PBXFileSystemSynchronizedBuildFileExceptionSet section */
		DB6F25812F8809B4005856A0 /* Exceptions for "Pocket Keyboard" folder in "Pocket Keyboard" target */ = {
			isa = PBXFileSystemSynchronizedBuildFileExceptionSet;
			membershipExceptions = (
				Info.plist,
			);
			target = DB6F25782F8809B4005856A0 /* Pocket Keyboard */;
		};
		DB6F25902F8809C0005856A0 /* Exceptions for "Pocket Demo" folder in "Pocket Demo" target */ = {
			isa = PBXFileSystemSynchronizedBuildFileExceptionSet;
			membershipExceptions = (
				Info.plist,
			);
			target = DB6F25642F880978005856A0 /* Pocket Demo */;
		};
		DBF1F7D92F88D0F9002AEF3A /* Exceptions for "Pocket Live Activity" folder in "Pocket Live ActivityExtension" target */ = {
			isa = PBXFileSystemSynchronizedBuildFileExceptionSet;
			membershipExceptions = (
				Info.plist,
			);
			target = DBF1F7BF2F88D0F8002AEF3A /* Pocket Live ActivityExtension */;
		};
/* End PBXFileSystemSynchronizedBuildFileExceptionSet section */

/* Begin PBXFileSystemSynchronizedRootGroup section */
		DB6F25672F880978005856A0 /* Pocket Demo */ = {
			isa = PBXFileSystemSynchronizedRootGroup;
			exceptions = (
				DB6F25902F8809C0005856A0 /* Exceptions for "Pocket Demo" folder in "Pocket Demo" target */,
			);
			path = "Pocket Demo";
			sourceTree = "<group>";
		};
		DB6F257A2F8809B4005856A0 /* Pocket Keyboard */ = {
			isa = PBXFileSystemSynchronizedRootGroup;
			exceptions = (
				DB6F25812F8809B4005856A0 /* Exceptions for "Pocket Keyboard" folder in "Pocket Keyboard" target */,
			);
			path = "Pocket Keyboard";
			sourceTree = "<group>";
		};
		DB6F25A02F880990005856A0 /* Shared */ = {
			isa = PBXFileSystemSynchronizedRootGroup;
			path = Shared;
			sourceTree = "<group>";
		};
		DBF1F7C62F88D0F8002AEF3A /* Pocket Live Activity */ = {
			isa = PBXFileSystemSynchronizedRootGroup;
			exceptions = (
				DBF1F7D92F88D0F9002AEF3A /* Exceptions for "Pocket Live Activity" folder in "Pocket Live ActivityExtension" target */,
			);
			path = "Pocket Live Activity";
			sourceTree = "<group>";
		};
/* End PBXFileSystemSynchronizedRootGroup section */

/* Begin PBXFrameworksBuildPhase section */
		DB6F25622F880978005856A0 /* Frameworks */ = {
			isa = PBXFrameworksBuildPhase;
			buildActionMask = 2147483647;
			files = (
			);
			runOnlyForDeploymentPostprocessing = 0;
		};
		DB6F25762F8809B4005856A0 /* Frameworks */ = {
			isa = PBXFrameworksBuildPhase;
			buildActionMask = 2147483647;
			files = (
			);
			runOnlyForDeploymentPostprocessing = 0;
		};
		DBF1F7BD2F88D0F8002AEF3A /* Frameworks */ = {
			isa = PBXFrameworksBuildPhase;
			buildActionMask = 2147483647;
			files = (
				DBF1F7C52F88D0F8002AEF3A /* SwiftUI.framework in Frameworks */,
				DBF1F7C32F88D0F8002AEF3A /* WidgetKit.framework in Frameworks */,
			);
			runOnlyForDeploymentPostprocessing = 0;
		};
/* End PBXFrameworksBuildPhase section */

/* Begin PBXGroup section */
		DB6F255C2F880978005856A0 = {
			isa = PBXGroup;
			children = (
				DB6F25672F880978005856A0 /* Pocket Demo */,
				DB6F257A2F8809B4005856A0 /* Pocket Keyboard */,
				DB6F25A02F880990005856A0 /* Shared */,
				DBF1F7C62F88D0F8002AEF3A /* Pocket Live Activity */,
				DBF1F7C12F88D0F8002AEF3A /* Frameworks */,
				DB6F25662F880978005856A0 /* Products */,
			);
			sourceTree = "<group>";
		};
		DB6F25662F880978005856A0 /* Products */ = {
			isa = PBXGroup;
			children = (
				DB6F25652F880978005856A0 /* Pocket Demo.app */,
				DB6F25792F8809B4005856A0 /* Pocket Keyboard.appex */,
				DBF1F7C02F88D0F8002AEF3A /* Pocket Live ActivityExtension.appex */,
			);
			name = Products;
			sourceTree = "<group>";
		};
		DBF1F7C12F88D0F8002AEF3A /* Frameworks */ = {
			isa = PBXGroup;
			children = (
				DBF1F7C22F88D0F8002AEF3A /* WidgetKit.framework */,
				DBF1F7C42F88D0F8002AEF3A /* SwiftUI.framework */,
			);
			name = Frameworks;
			sourceTree = "<group>";
		};
/* End PBXGroup section */

/* Begin PBXNativeTarget section */
		DB6F25642F880978005856A0 /* Pocket Demo */ = {
			isa = PBXNativeTarget;
			buildConfigurationList = DB6F25722F880979005856A0 /* Build configuration list for PBXNativeTarget "Pocket Demo" */;
			buildPhases = (
				DB6F25612F880978005856A0 /* Sources */,
				DB6F25622F880978005856A0 /* Frameworks */,
				DB6F25632F880978005856A0 /* Resources */,
				DB6F25852F8809B4005856A0 /* Embed Foundation Extensions */,
			);
			buildRules = (
			);
			dependencies = (
				DB6F257F2F8809B4005856A0 /* PBXTargetDependency */,
				DBF1F7D52F88D0F9002AEF3A /* PBXTargetDependency */,
			);
			fileSystemSynchronizedGroups = (
				DB6F25672F880978005856A0 /* Pocket Demo */,
				DB6F25A02F880990005856A0 /* Shared */,
			);
			name = "Pocket Demo";
			packageProductDependencies = (
			);
			productName = "Pocket Demo";
			productReference = DB6F25652F880978005856A0 /* Pocket Demo.app */;
			productType = "com.apple.product-type.application";
		};
		DB6F25782F8809B4005856A0 /* Pocket Keyboard */ = {
			isa = PBXNativeTarget;
			buildConfigurationList = DB6F25822F8809B4005856A0 /* Build configuration list for PBXNativeTarget "Pocket Keyboard" */;
			buildPhases = (
				DB6F25752F8809B4005856A0 /* Sources */,
				DB6F25762F8809B4005856A0 /* Frameworks */,
				DB6F25772F8809B4005856A0 /* Resources */,
			);
			buildRules = (
			);
			dependencies = (
			);
			fileSystemSynchronizedGroups = (
				DB6F257A2F8809B4005856A0 /* Pocket Keyboard */,
				DB6F25A02F880990005856A0 /* Shared */,
			);
			name = "Pocket Keyboard";
			packageProductDependencies = (
			);
			productName = "Pocket Keyboard";
			productReference = DB6F25792F8809B4005856A0 /* Pocket Keyboard.appex */;
			productType = "com.apple.product-type.app-extension";
		};
		DBF1F7BF2F88D0F8002AEF3A /* Pocket Live ActivityExtension */ = {
			isa = PBXNativeTarget;
			buildConfigurationList = DBF1F7DA2F88D0F9002AEF3A /* Build configuration list for PBXNativeTarget "Pocket Live ActivityExtension" */;
			buildPhases = (
				DBF1F7BC2F88D0F8002AEF3A /* Sources */,
				DBF1F7BD2F88D0F8002AEF3A /* Frameworks */,
				DBF1F7BE2F88D0F8002AEF3A /* Resources */,
			);
			buildRules = (
			);
			dependencies = (
			);
			fileSystemSynchronizedGroups = (
				DBF1F7C62F88D0F8002AEF3A /* Pocket Live Activity */,
			);
			name = "Pocket Live ActivityExtension";
			packageProductDependencies = (
			);
			productName = "Pocket Live ActivityExtension";
			productReference = DBF1F7C02F88D0F8002AEF3A /* Pocket Live ActivityExtension.appex */;
			productType = "com.apple.product-type.app-extension";
		};
/* End PBXNativeTarget section */

/* Begin PBXProject section */
		DB6F255D2F880978005856A0 /* Project object */ = {
			isa = PBXProject;
			attributes = {
				BuildIndependentTargetsInParallel = 1;
				LastSwiftUpdateCheck = 2640;
				LastUpgradeCheck = 2640;
				TargetAttributes = {
					DB6F25642F880978005856A0 = {
						CreatedOnToolsVersion = 26.4;
					};
					DB6F25782F8809B4005856A0 = {
						CreatedOnToolsVersion = 26.4;
					};
					DBF1F7BF2F88D0F8002AEF3A = {
						CreatedOnToolsVersion = 26.4;
					};
				};
			};
			buildConfigurationList = DB6F25602F880978005856A0 /* Build configuration list for PBXProject "Pocket Demo" */;
			developmentRegion = en;
			hasScannedForEncodings = 0;
			knownRegions = (
				en,
				Base,
			);
			mainGroup = DB6F255C2F880978005856A0;
			minimizedProjectReferenceProxies = 1;
			preferredProjectObjectVersion = 77;
			productRefGroup = DB6F25662F880978005856A0 /* Products */;
			projectDirPath = "";
			projectRoot = "";
			targets = (
				DB6F25642F880978005856A0 /* Pocket Demo */,
				DB6F25782F8809B4005856A0 /* Pocket Keyboard */,
				DBF1F7BF2F88D0F8002AEF3A /* Pocket Live ActivityExtension */,
			);
		};
/* End PBXProject section */

/* Begin PBXResourcesBuildPhase section */
		DB6F25632F880978005856A0 /* Resources */ = {
			isa = PBXResourcesBuildPhase;
			buildActionMask = 2147483647;
			files = (
			);
			runOnlyForDeploymentPostprocessing = 0;
		};
		DB6F25772F8809B4005856A0 /* Resources */ = {
			isa = PBXResourcesBuildPhase;
			buildActionMask = 2147483647;
			files = (
			);
			runOnlyForDeploymentPostprocessing = 0;
		};
		DBF1F7BE2F88D0F8002AEF3A /* Resources */ = {
			isa = PBXResourcesBuildPhase;
			buildActionMask = 2147483647;
			files = (
			);
			runOnlyForDeploymentPostprocessing = 0;
		};
/* End PBXResourcesBuildPhase section */

/* Begin PBXSourcesBuildPhase section */
		DB6F25612F880978005856A0 /* Sources */ = {
			isa = PBXSourcesBuildPhase;
			buildActionMask = 2147483647;
			files = (
			);
			runOnlyForDeploymentPostprocessing = 0;
		};
		DB6F25752F8809B4005856A0 /* Sources */ = {
			isa = PBXSourcesBuildPhase;
			buildActionMask = 2147483647;
			files = (
			);
			runOnlyForDeploymentPostprocessing = 0;
		};
		DBF1F7BC2F88D0F8002AEF3A /* Sources */ = {
			isa = PBXSourcesBuildPhase;
			buildActionMask = 2147483647;
			files = (
			);
			runOnlyForDeploymentPostprocessing = 0;
		};
/* End PBXSourcesBuildPhase section */

/* Begin PBXTargetDependency section */
		DB6F257F2F8809B4005856A0 /* PBXTargetDependency */ = {
			isa = PBXTargetDependency;
			target = DB6F25782F8809B4005856A0 /* Pocket Keyboard */;
			targetProxy = DB6F257E2F8809B4005856A0 /* PBXContainerItemProxy */;
		};
		DBF1F7D52F88D0F9002AEF3A /* PBXTargetDependency */ = {
			isa = PBXTargetDependency;
			target = DBF1F7BF2F88D0F8002AEF3A /* Pocket Live ActivityExtension */;
			targetProxy = DBF1F7D42F88D0F9002AEF3A /* PBXContainerItemProxy */;
		};
/* End PBXTargetDependency section */

/* Begin XCBuildConfiguration section */
		DB6F25702F880979005856A0 /* Debug */ = {
			isa = XCBuildConfiguration;
			buildSettings = {
				ALWAYS_SEARCH_USER_PATHS = NO;
				ASSETCATALOG_COMPILER_GENERATE_SWIFT_ASSET_SYMBOL_EXTENSIONS = YES;
				CLANG_ANALYZER_NONNULL = YES;
				CLANG_ANALYZER_NUMBER_OBJECT_CONVERSION = YES_AGGRESSIVE;
				CLANG_CXX_LANGUAGE_STANDARD = "gnu++20";
				CLANG_ENABLE_MODULES = YES;
				CLANG_ENABLE_OBJC_ARC = YES;
				CLANG_ENABLE_OBJC_WEAK = YES;
				CLANG_WARN_BLOCK_CAPTURE_AUTORELEASING = YES;
				CLANG_WARN_BOOL_CONVERSION = YES;
				CLANG_WARN_COMMA = YES;
				CLANG_WARN_CONSTANT_CONVERSION = YES;
				CLANG_WARN_DEPRECATED_OBJC_IMPLEMENTATIONS = YES;
				CLANG_WARN_DIRECT_OBJC_ISA_USAGE = YES_ERROR;
				CLANG_WARN_DOCUMENTATION_COMMENTS = YES;
				CLANG_WARN_EMPTY_BODY = YES;
				CLANG_WARN_ENUM_CONVERSION = YES;
				CLANG_WARN_INFINITE_RECURSION = YES;
				CLANG_WARN_INT_CONVERSION = YES;
				CLANG_WARN_NON_LITERAL_NULL_CONVERSION = YES;
				CLANG_WARN_OBJC_IMPLICIT_RETAIN_SELF = YES;
				CLANG_WARN_OBJC_LITERAL_CONVERSION = YES;
				CLANG_WARN_OBJC_ROOT_CLASS = YES_ERROR;
				CLANG_WARN_QUOTED_INCLUDE_IN_FRAMEWORK_HEADER = YES;
				CLANG_WARN_RANGE_LOOP_ANALYSIS = YES;
				CLANG_WARN_STRICT_PROTOTYPES = YES;
				CLANG_WARN_SUSPICIOUS_MOVE = YES;
				CLANG_WARN_UNGUARDED_AVAILABILITY = YES_AGGRESSIVE;
				CLANG_WARN_UNREACHABLE_CODE = YES;
				CLANG_WARN__DUPLICATE_METHOD_MATCH = YES;
				COPY_PHASE_STRIP = NO;
				DEBUG_INFORMATION_FORMAT = dwarf;
				DEVELOPMENT_TEAM = 6J7Z474QUR;
				ENABLE_STRICT_OBJC_MSGSEND = YES;
				ENABLE_TESTABILITY = YES;
				ENABLE_USER_SCRIPT_SANDBOXING = YES;
				GCC_C_LANGUAGE_STANDARD = gnu17;
				GCC_DYNAMIC_NO_PIC = NO;
				GCC_NO_COMMON_BLOCKS = YES;
				GCC_OPTIMIZATION_LEVEL = 0;
				GCC_PREPROCESSOR_DEFINITIONS = (
					"DEBUG=1",
					"$(inherited)",
				);
				GCC_WARN_64_TO_32_BIT_CONVERSION = YES;
				GCC_WARN_ABOUT_RETURN_TYPE = YES_ERROR;
				GCC_WARN_UNDECLARED_SELECTOR = YES;
				GCC_WARN_UNINITIALIZED_AUTOS = YES_AGGRESSIVE;
				GCC_WARN_UNUSED_FUNCTION = YES;
				GCC_WARN_UNUSED_VARIABLE = YES;
				LOCALIZATION_PREFERS_STRING_CATALOGS = YES;
				MTL_ENABLE_DEBUG_INFO = INCLUDE_SOURCE;
				MTL_FAST_MATH = YES;
				ONLY_ACTIVE_ARCH = YES;
				SWIFT_ACTIVE_COMPILATION_CONDITIONS = "DEBUG $(inherited)";
				SWIFT_OPTIMIZATION_LEVEL = "-Onone";
			};
			name = Debug;
		};
		DB6F25712F880979005856A0 /* Release */ = {
			isa = XCBuildConfiguration;
			buildSettings = {
				ALWAYS_SEARCH_USER_PATHS = NO;
				ASSETCATALOG_COMPILER_GENERATE_SWIFT_ASSET_SYMBOL_EXTENSIONS = YES;
				CLANG_ANALYZER_NONNULL = YES;
				CLANG_ANALYZER_NUMBER_OBJECT_CONVERSION = YES_AGGRESSIVE;
				CLANG_CXX_LANGUAGE_STANDARD = "gnu++20";
				CLANG_ENABLE_MODULES = YES;
				CLANG_ENABLE_OBJC_ARC = YES;
				CLANG_ENABLE_OBJC_WEAK = YES;
				CLANG_WARN_BLOCK_CAPTURE_AUTORELEASING = YES;
				CLANG_WARN_BOOL_CONVERSION = YES;
				CLANG_WARN_COMMA = YES;
				CLANG_WARN_CONSTANT_CONVERSION = YES;
				CLANG_WARN_DEPRECATED_OBJC_IMPLEMENTATIONS = YES;
				CLANG_WARN_DIRECT_OBJC_ISA_USAGE = YES_ERROR;
				CLANG_WARN_DOCUMENTATION_COMMENTS = YES;
				CLANG_WARN_EMPTY_BODY = YES;
				CLANG_WARN_ENUM_CONVERSION = YES;
				CLANG_WARN_INFINITE_RECURSION = YES;
				CLANG_WARN_INT_CONVERSION = YES;
				CLANG_WARN_NON_LITERAL_NULL_CONVERSION = YES;
				CLANG_WARN_OBJC_IMPLICIT_RETAIN_SELF = YES;
				CLANG_WARN_OBJC_LITERAL_CONVERSION = YES;
				CLANG_WARN_OBJC_ROOT_CLASS = YES_ERROR;
				CLANG_WARN_QUOTED_INCLUDE_IN_FRAMEWORK_HEADER = YES;
				CLANG_WARN_RANGE_LOOP_ANALYSIS = YES;
				CLANG_WARN_STRICT_PROTOTYPES = YES;
				CLANG_WARN_SUSPICIOUS_MOVE = YES;
				CLANG_WARN_UNGUARDED_AVAILABILITY = YES_AGGRESSIVE;
				CLANG_WARN_UNREACHABLE_CODE = YES;
				CLANG_WARN__DUPLICATE_METHOD_MATCH = YES;
				COPY_PHASE_STRIP = NO;
				DEBUG_INFORMATION_FORMAT = "dwarf-with-dsym";
				DEVELOPMENT_TEAM = 6J7Z474QUR;
				ENABLE_NS_ASSERTIONS = NO;
				ENABLE_STRICT_OBJC_MSGSEND = YES;
				ENABLE_USER_SCRIPT_SANDBOXING = YES;
				GCC_C_LANGUAGE_STANDARD = gnu17;
				GCC_NO_COMMON_BLOCKS = YES;
				GCC_WARN_64_TO_32_BIT_CONVERSION = YES;
				GCC_WARN_ABOUT_RETURN_TYPE = YES_ERROR;
				GCC_WARN_UNDECLARED_SELECTOR = YES;
				GCC_WARN_UNINITIALIZED_AUTOS = YES_AGGRESSIVE;
				GCC_WARN_UNUSED_FUNCTION = YES;
				GCC_WARN_UNUSED_VARIABLE = YES;
				LOCALIZATION_PREFERS_STRING_CATALOGS = YES;
				MTL_ENABLE_DEBUG_INFO = NO;
				MTL_FAST_MATH = YES;
				SWIFT_COMPILATION_MODE = wholemodule;
			};
			name = Release;
		};
		DB6F25732F880979005856A0 /* Debug */ = {
			isa = XCBuildConfiguration;
			buildSettings = {
				ASSETCATALOG_COMPILER_APPICON_NAME = AppIcon;
				ASSETCATALOG_COMPILER_GLOBAL_ACCENT_COLOR_NAME = AccentColor;
				CODE_SIGN_ENTITLEMENTS = "Pocket Demo/Pocket Demo.entitlements";
				CODE_SIGN_STYLE = Automatic;
				CURRENT_PROJECT_VERSION = 1;
				DEVELOPMENT_TEAM = 6J7Z474QUR;
				ENABLE_APP_SANDBOX = YES;
				ENABLE_HARDENED_RUNTIME = YES;
				ENABLE_PREVIEWS = YES;
				ENABLE_USER_SELECTED_FILES = readonly;
				GENERATE_INFOPLIST_FILE = NO;
				INFOPLIST_FILE = "Pocket Demo/Info.plist";
				INFOPLIST_KEY_NSMicrophoneUsageDescription = "Pocket Demo needs microphone access for voice dictation in the keyboard.";
				INFOPLIST_KEY_NSSpeechRecognitionUsageDescription = "Pocket Demo uses on-device speech recognition for voice dictation.";
				"INFOPLIST_KEY_UIApplicationSceneManifest_Generation[sdk=iphoneos*]" = YES;
				"INFOPLIST_KEY_UIApplicationSceneManifest_Generation[sdk=iphonesimulator*]" = YES;
				"INFOPLIST_KEY_UIApplicationSupportsIndirectInputEvents[sdk=iphoneos*]" = YES;
				"INFOPLIST_KEY_UIApplicationSupportsIndirectInputEvents[sdk=iphonesimulator*]" = YES;
				"INFOPLIST_KEY_UILaunchScreen_Generation[sdk=iphoneos*]" = YES;
				"INFOPLIST_KEY_UILaunchScreen_Generation[sdk=iphonesimulator*]" = YES;
				"INFOPLIST_KEY_UIStatusBarStyle[sdk=iphoneos*]" = UIStatusBarStyleDefault;
				"INFOPLIST_KEY_UIStatusBarStyle[sdk=iphonesimulator*]" = UIStatusBarStyleDefault;
				INFOPLIST_KEY_UISupportedInterfaceOrientations_iPad = "UIInterfaceOrientationPortrait UIInterfaceOrientationPortraitUpsideDown UIInterfaceOrientationLandscapeLeft UIInterfaceOrientationLandscapeRight";
				INFOPLIST_KEY_UISupportedInterfaceOrientations_iPhone = "UIInterfaceOrientationPortrait UIInterfaceOrientationLandscapeLeft UIInterfaceOrientationLandscapeRight";
				IPHONEOS_DEPLOYMENT_TARGET = 26.4;
				LD_RUNPATH_SEARCH_PATHS = "@executable_path/Frameworks";
				"LD_RUNPATH_SEARCH_PATHS[sdk=macosx*]" = "@executable_path/../Frameworks";
				MACOSX_DEPLOYMENT_TARGET = 26.4;
				MARKETING_VERSION = 1.0;
				PRODUCT_BUNDLE_IDENTIFIER = "com.sample.Pocket-Demo";
				PRODUCT_NAME = "$(TARGET_NAME)";
				REGISTER_APP_GROUPS = YES;
				SDKROOT = auto;
				STRING_CATALOG_GENERATE_SYMBOLS = YES;
				SUPPORTED_PLATFORMS = "iphoneos iphonesimulator macosx xros xrsimulator";
				SWIFT_APPROACHABLE_CONCURRENCY = YES;
				SWIFT_DEFAULT_ACTOR_ISOLATION = MainActor;
				SWIFT_EMIT_LOC_STRINGS = YES;
				SWIFT_UPCOMING_FEATURE_MEMBER_IMPORT_VISIBILITY = YES;
				SWIFT_VERSION = 5.0;
				TARGETED_DEVICE_FAMILY = "1,2,7";
				XROS_DEPLOYMENT_TARGET = 26.4;
			};
			name = Debug;
		};
		DB6F25742F880979005856A0 /* Release */ = {
			isa = XCBuildConfiguration;
			buildSettings = {
				ASSETCATALOG_COMPILER_APPICON_NAME = AppIcon;
				ASSETCATALOG_COMPILER_GLOBAL_ACCENT_COLOR_NAME = AccentColor;
				CODE_SIGN_ENTITLEMENTS = "Pocket Demo/Pocket Demo.entitlements";
				CODE_SIGN_STYLE = Automatic;
				CURRENT_PROJECT_VERSION = 1;
				DEVELOPMENT_TEAM = 6J7Z474QUR;
				ENABLE_APP_SANDBOX = YES;
				ENABLE_HARDENED_RUNTIME = YES;
				ENABLE_PREVIEWS = YES;
				ENABLE_USER_SELECTED_FILES = readonly;
				GENERATE_INFOPLIST_FILE = NO;
				INFOPLIST_FILE = "Pocket Demo/Info.plist";
				INFOPLIST_KEY_NSMicrophoneUsageDescription = "Pocket Demo needs microphone access for voice dictation in the keyboard.";
				INFOPLIST_KEY_NSSpeechRecognitionUsageDescription = "Pocket Demo uses on-device speech recognition for voice dictation.";
				"INFOPLIST_KEY_UIApplicationSceneManifest_Generation[sdk=iphoneos*]" = YES;
				"INFOPLIST_KEY_UIApplicationSceneManifest_Generation[sdk=iphonesimulator*]" = YES;
				"INFOPLIST_KEY_UIApplicationSupportsIndirectInputEvents[sdk=iphoneos*]" = YES;
				"INFOPLIST_KEY_UIApplicationSupportsIndirectInputEvents[sdk=iphonesimulator*]" = YES;
				"INFOPLIST_KEY_UILaunchScreen_Generation[sdk=iphoneos*]" = YES;
				"INFOPLIST_KEY_UILaunchScreen_Generation[sdk=iphonesimulator*]" = YES;
				"INFOPLIST_KEY_UIStatusBarStyle[sdk=iphoneos*]" = UIStatusBarStyleDefault;
				"INFOPLIST_KEY_UIStatusBarStyle[sdk=iphonesimulator*]" = UIStatusBarStyleDefault;
				INFOPLIST_KEY_UISupportedInterfaceOrientations_iPad = "UIInterfaceOrientationPortrait UIInterfaceOrientationPortraitUpsideDown UIInterfaceOrientationLandscapeLeft UIInterfaceOrientationLandscapeRight";
				INFOPLIST_KEY_UISupportedInterfaceOrientations_iPhone = "UIInterfaceOrientationPortrait UIInterfaceOrientationLandscapeLeft UIInterfaceOrientationLandscapeRight";
				IPHONEOS_DEPLOYMENT_TARGET = 26.4;
				LD_RUNPATH_SEARCH_PATHS = "@executable_path/Frameworks";
				"LD_RUNPATH_SEARCH_PATHS[sdk=macosx*]" = "@executable_path/../Frameworks";
				MACOSX_DEPLOYMENT_TARGET = 26.4;
				MARKETING_VERSION = 1.0;
				PRODUCT_BUNDLE_IDENTIFIER = "com.sample.Pocket-Demo";
				PRODUCT_NAME = "$(TARGET_NAME)";
				REGISTER_APP_GROUPS = YES;
				SDKROOT = auto;
				STRING_CATALOG_GENERATE_SYMBOLS = YES;
				SUPPORTED_PLATFORMS = "iphoneos iphonesimulator macosx xros xrsimulator";
				SWIFT_APPROACHABLE_CONCURRENCY = YES;
				SWIFT_DEFAULT_ACTOR_ISOLATION = MainActor;
				SWIFT_EMIT_LOC_STRINGS = YES;
				SWIFT_UPCOMING_FEATURE_MEMBER_IMPORT_VISIBILITY = YES;
				SWIFT_VERSION = 5.0;
				TARGETED_DEVICE_FAMILY = "1,2,7";
				XROS_DEPLOYMENT_TARGET = 26.4;
			};
			name = Release;
		};
		DB6F25832F8809B4005856A0 /* Debug */ = {
			isa = XCBuildConfiguration;
			buildSettings = {
				CODE_SIGN_ENTITLEMENTS = "Pocket Keyboard/Pocket Keyboard.entitlements";
				CODE_SIGN_STYLE = Automatic;
				CURRENT_PROJECT_VERSION = 1;
				DEVELOPMENT_TEAM = 6J7Z474QUR;
				GENERATE_INFOPLIST_FILE = YES;
				INFOPLIST_FILE = "Pocket Keyboard/Info.plist";
				INFOPLIST_KEY_CFBundleDisplayName = "Pocket Keyboard";
				INFOPLIST_KEY_NSHumanReadableCopyright = "";
				IPHONEOS_DEPLOYMENT_TARGET = 26.4;
				LD_RUNPATH_SEARCH_PATHS = (
					"$(inherited)",
					"@executable_path/Frameworks",
					"@executable_path/../../Frameworks",
				);
				MARKETING_VERSION = 1.0;
				PRODUCT_BUNDLE_IDENTIFIER = "com.sample.Pocket-Demo.Pocket-Keyboard";
				PRODUCT_NAME = "$(TARGET_NAME)";
				REGISTER_APP_GROUPS = YES;
				SDKROOT = iphoneos;
				SKIP_INSTALL = YES;
				STRING_CATALOG_GENERATE_SYMBOLS = YES;
				SWIFT_APPROACHABLE_CONCURRENCY = YES;
				SWIFT_EMIT_LOC_STRINGS = YES;
				SWIFT_UPCOMING_FEATURE_MEMBER_IMPORT_VISIBILITY = YES;
				SWIFT_VERSION = 5.0;
				TARGETED_DEVICE_FAMILY = "1,2";
			};
			name = Debug;
		};
		DB6F25842F8809B4005856A0 /* Release */ = {
			isa = XCBuildConfiguration;
			buildSettings = {
				CODE_SIGN_ENTITLEMENTS = "Pocket Keyboard/Pocket Keyboard.entitlements";
				CODE_SIGN_STYLE = Automatic;
				CURRENT_PROJECT_VERSION = 1;
				DEVELOPMENT_TEAM = 6J7Z474QUR;
				GENERATE_INFOPLIST_FILE = YES;
				INFOPLIST_FILE = "Pocket Keyboard/Info.plist";
				INFOPLIST_KEY_CFBundleDisplayName = "Pocket Keyboard";
				INFOPLIST_KEY_NSHumanReadableCopyright = "";
				IPHONEOS_DEPLOYMENT_TARGET = 26.4;
				LD_RUNPATH_SEARCH_PATHS = (
					"$(inherited)",
					"@executable_path/Frameworks",
					"@executable_path/../../Frameworks",
				);
				MARKETING_VERSION = 1.0;
				PRODUCT_BUNDLE_IDENTIFIER = "com.sample.Pocket-Demo.Pocket-Keyboard";
				PRODUCT_NAME = "$(TARGET_NAME)";
				SDKROOT = iphoneos;
				SKIP_INSTALL = YES;
				STRING_CATALOG_GENERATE_SYMBOLS = YES;
				SWIFT_APPROACHABLE_CONCURRENCY = YES;
				SWIFT_EMIT_LOC_STRINGS = YES;
				SWIFT_UPCOMING_FEATURE_MEMBER_IMPORT_VISIBILITY = YES;
				SWIFT_VERSION = 5.0;
				TARGETED_DEVICE_FAMILY = "1,2";
				VALIDATE_PRODUCT = YES;
			};
			name = Release;
		};
		DBF1F7D72F88D0F9002AEF3A /* Debug */ = {
			isa = XCBuildConfiguration;
			buildSettings = {
				ASSETCATALOG_COMPILER_GLOBAL_ACCENT_COLOR_NAME = AccentColor;
				ASSETCATALOG_COMPILER_WIDGET_BACKGROUND_COLOR_NAME = WidgetBackground;
				CODE_SIGN_STYLE = Automatic;
				CURRENT_PROJECT_VERSION = 1;
				DEVELOPMENT_TEAM = 6J7Z474QUR;
				GENERATE_INFOPLIST_FILE = YES;
				INFOPLIST_FILE = "Pocket Live Activity/Info.plist";
				INFOPLIST_KEY_CFBundleDisplayName = "Pocket Live Activity";
				INFOPLIST_KEY_NSHumanReadableCopyright = "";
				IPHONEOS_DEPLOYMENT_TARGET = 26.4;
				LD_RUNPATH_SEARCH_PATHS = (
					"$(inherited)",
					"@executable_path/Frameworks",
					"@executable_path/../../Frameworks",
				);
				MARKETING_VERSION = 1.0;
				PRODUCT_BUNDLE_IDENTIFIER = "com.sample.Pocket-Demo.Pocket-Live-Activity";
				PRODUCT_NAME = "$(TARGET_NAME)";
				SDKROOT = iphoneos;
				SKIP_INSTALL = YES;
				STRING_CATALOG_GENERATE_SYMBOLS = YES;
				SWIFT_APPROACHABLE_CONCURRENCY = YES;
				SWIFT_EMIT_LOC_STRINGS = YES;
				SWIFT_UPCOMING_FEATURE_MEMBER_IMPORT_VISIBILITY = YES;
				SWIFT_VERSION = 5.0;
				TARGETED_DEVICE_FAMILY = "1,2";
			};
			name = Debug;
		};
		DBF1F7D82F88D0F9002AEF3A /* Release */ = {
			isa = XCBuildConfiguration;
			buildSettings = {
				ASSETCATALOG_COMPILER_GLOBAL_ACCENT_COLOR_NAME = AccentColor;
				ASSETCATALOG_COMPILER_WIDGET_BACKGROUND_COLOR_NAME = WidgetBackground;
				CODE_SIGN_STYLE = Automatic;
				CURRENT_PROJECT_VERSION = 1;
				DEVELOPMENT_TEAM = 6J7Z474QUR;
				GENERATE_INFOPLIST_FILE = YES;
				INFOPLIST_FILE = "Pocket Live Activity/Info.plist";
				INFOPLIST_KEY_CFBundleDisplayName = "Pocket Live Activity";
				INFOPLIST_KEY_NSHumanReadableCopyright = "";
				IPHONEOS_DEPLOYMENT_TARGET = 26.4;
				LD_RUNPATH_SEARCH_PATHS = (
					"$(inherited)",
					"@executable_path/Frameworks",
					"@executable_path/../../Frameworks",
				);
				MARKETING_VERSION = 1.0;
				PRODUCT_BUNDLE_IDENTIFIER = "com.sample.Pocket-Demo.Pocket-Live-Activity";
				PRODUCT_NAME = "$(TARGET_NAME)";
				SDKROOT = iphoneos;
				SKIP_INSTALL = YES;
				STRING_CATALOG_GENERATE_SYMBOLS = YES;
				SWIFT_APPROACHABLE_CONCURRENCY = YES;
				SWIFT_EMIT_LOC_STRINGS = YES;
				SWIFT_UPCOMING_FEATURE_MEMBER_IMPORT_VISIBILITY = YES;
				SWIFT_VERSION = 5.0;
				TARGETED_DEVICE_FAMILY = "1,2";
				VALIDATE_PRODUCT = YES;
			};
			name = Release;
		};
/* End XCBuildConfiguration section */

/* Begin XCConfigurationList section */
		DB6F25602F880978005856A0 /* Build configuration list for PBXProject "Pocket Demo" */ = {
			isa = XCConfigurationList;
			buildConfigurations = (
				DB6F25702F880979005856A0 /* Debug */,
				DB6F25712F880979005856A0 /* Release */,
			);
			defaultConfigurationIsVisible = 0;
			defaultConfigurationName = Release;
		};
		DB6F25722F880979005856A0 /* Build configuration list for PBXNativeTarget "Pocket Demo" */ = {
			isa = XCConfigurationList;
			buildConfigurations = (
				DB6F25732F880979005856A0 /* Debug */,
				DB6F25742F880979005856A0 /* Release */,
			);
			defaultConfigurationIsVisible = 0;
			defaultConfigurationName = Release;
		};
		DB6F25822F8809B4005856A0 /* Build configuration list for PBXNativeTarget "Pocket Keyboard" */ = {
			isa = XCConfigurationList;
			buildConfigurations = (
				DB6F25832F8809B4005856A0 /* Debug */,
				DB6F25842F8809B4005856A0 /* Release */,
			);
			defaultConfigurationIsVisible = 0;
			defaultConfigurationName = Release;
		};
		DBF1F7DA2F88D0F9002AEF3A /* Build configuration list for PBXNativeTarget "Pocket Live ActivityExtension" */ = {
			isa = XCConfigurationList;
			buildConfigurations = (
				DBF1F7D72F88D0F9002AEF3A /* Debug */,
				DBF1F7D82F88D0F9002AEF3A /* Release */,
			);
			defaultConfigurationIsVisible = 0;
			defaultConfigurationName = Release;
		};
/* End XCConfigurationList section */
	};
	rootObject = DB6F255D2F880978005856A0 /* Project object */;
}
